
Microsoft Visual Studio Solution File, Format Version 12.00
# Visual Studio Version 16
VisualStudioVersion = 16.0.31702.278
MinimumVisualStudioVersion = 10.0.40219.1
Project("{FAE04EC0-301F-11D3-BF4B-00C04F79EFBC}") = "Tehävä6Eläin", "Tehävä6Eläin\Tehävä6Eläin.csproj", "{7F022A85-9DB0-41A4-9F93-744750D05715}"
EndProject
Global
	GlobalSection(SolutionConfigurationPlatforms) = preSolution
		Debug|Any CPU = Debug|Any CPU
		Release|Any CPU = Release|Any CPU
	EndGlobalSection
	GlobalSection(ProjectConfigurationPlatforms) = postSolution
		{7F022A85-9DB0-41A4-9F93-744750D05715}.Debug|Any CPU.ActiveCfg = Debug|Any CPU
		{7F022A85-9DB0-41A4-9F93-744750D05715}.Debug|Any CPU.Build.0 = Debug|Any CPU
		{7F022A85-9DB0-41A4-9F93-744750D05715}.Release|Any CPU.ActiveCfg = Release|Any CPU
		{7F022A85-9DB0-41A4-9F93-744750D05715}.Release|Any CPU.Build.0 = Release|Any CPU
	EndGlobalSection
	GlobalSection(SolutionProperties) = preSolution
		HideSolutionNode = FALSE
	EndGlobalSection
	GlobalSection(ExtensibilityGlobals) = postSolution
		SolutionGuid = {176132DF-D9D3-412B-AA7C-0C4B567A4480}
	EndGlobalSection
EndGlobal
